
Microsoft Visual Studio Solution File, Format Version 12.00
# Visual Studio 15
VisualStudioVersion = 15.0.28307.421
MinimumVisualStudioVersion = 10.0.40219.1
Project("{FAE04EC0-301F-11D3-BF4B-00C04F79EFBC}") = "CarOwner", "CarOwner\CarOwner.csproj", "{BC76C759-8B0E-47D1-B54B-7E739EFDCAF7}"
EndProject
Global
	GlobalSection(SolutionConfigurationPlatforms) = preSolution
		Debug|Any CPU = Debug|Any CPU
		Release|Any CPU = Release|Any CPU
	EndGlobalSection
	GlobalSection(ProjectConfigurationPlatforms) = postSolution
		{BC76C759-8B0E-47D1-B54B-7E739EFDCAF7}.Debug|Any CPU.ActiveCfg = Debug|Any CPU
		{BC76C759-8B0E-47D1-B54B-7E739EFDCAF7}.Debug|Any CPU.Build.0 = Debug|Any CPU
		{BC76C759-8B0E-47D1-B54B-7E739EFDCAF7}.Release|Any CPU.ActiveCfg = Release|Any CPU
		{BC76C759-8B0E-47D1-B54B-7E739EFDCAF7}.Release|Any CPU.Build.0 = Release|Any CPU
	EndGlobalSection
	GlobalSection(SolutionProperties) = preSolution
		HideSolutionNode = FALSE
	EndGlobalSection
	GlobalSection(ExtensibilityGlobals) = postSolution
		SolutionGuid = {34DA7145-A8B9-41C2-8134-DBC42D8D640E}
	EndGlobalSection
EndGlobal
